{
  "name": "utools-dark-mode-switch",
  "version": "1.0.0",
  "lockfileVersion": 1,
  "requires": true,
  "dependencies": {
    "utools-api-types": {
      "version": "2.6.3",
      "resolved": "https://registry.npmjs.org/utools-api-types/-/utools-api-types-2.6.3.tgz",
      "integrity": "sha512-0i+lKD48abTYh3J+Eq5LYJhvqjFvNFqjCZ4rUpaAlFjULjG13EeknZ7gNornGRF0UeJ7NT8J2qk3sXpJ5ua0Hg==",
      "dev": true
    }
  }
}
